
Microsoft Visual Studio Solution File, Format Version 12.00
# Visual Studio Version 17
VisualStudioVersion = 17.14.36429.23
MinimumVisualStudioVersion = 10.0.40219.1
Project("{FAE04EC0-301F-11D3-BF4B-00C04F79EFBC}") = "MazeLab", "MazeLab.csproj", "{AE475548-CF31-4B49-AF90-3093DB548C5A}"
EndProject
Global
	GlobalSection(SolutionConfigurationPlatforms) = preSolution
		Debug|Any CPU = Debug|Any CPU
		Release|Any CPU = Release|Any CPU
	EndGlobalSection
	GlobalSection(ProjectConfigurationPlatforms) = postSolution
		{AE475548-CF31-4B49-AF90-3093DB548C5A}.Debug|Any CPU.ActiveCfg = Debug|Any CPU
		{AE475548-CF31-4B49-AF90-3093DB548C5A}.Debug|Any CPU.Build.0 = Debug|Any CPU
		{AE475548-CF31-4B49-AF90-3093DB548C5A}.Release|Any CPU.ActiveCfg = Release|Any CPU
		{AE475548-CF31-4B49-AF90-3093DB548C5A}.Release|Any CPU.Build.0 = Release|Any CPU
	EndGlobalSection
	GlobalSection(SolutionProperties) = preSolution
		HideSolutionNode = FALSE
	EndGlobalSection
	GlobalSection(ExtensibilityGlobals) = postSolution
		SolutionGuid = {17CDB1EF-9DFB-42C7-89CA-16CF567D3934}
	EndGlobalSection
EndGlobal
